
Microsoft Visual Studio Solution File, Format Version 12.00
# Visual Studio Version 17
VisualStudioVersion = 17.9.34714.143
MinimumVisualStudioVersion = 10.0.40219.1
Project("{FAE04EC0-301F-11D3-BF4B-00C04F79EFBC}") = "ShellSorts", "SortingMethods\ShellSorts.csproj", "{CE7B715D-A1B3-42C2-BA8E-27BAB0E774FB}"
EndProject
Global
	GlobalSection(SolutionConfigurationPlatforms) = preSolution
		Debug|Any CPU = Debug|Any CPU
		Release|Any CPU = Release|Any CPU
	EndGlobalSection
	GlobalSection(ProjectConfigurationPlatforms) = postSolution
		{CE7B715D-A1B3-42C2-BA8E-27BAB0E774FB}.Debug|Any CPU.ActiveCfg = Debug|Any CPU
		{CE7B715D-A1B3-42C2-BA8E-27BAB0E774FB}.Debug|Any CPU.Build.0 = Debug|Any CPU
		{CE7B715D-A1B3-42C2-BA8E-27BAB0E774FB}.Release|Any CPU.ActiveCfg = Release|Any CPU
		{CE7B715D-A1B3-42C2-BA8E-27BAB0E774FB}.Release|Any CPU.Build.0 = Release|Any CPU
	EndGlobalSection
	GlobalSection(SolutionProperties) = preSolution
		HideSolutionNode = FALSE
	EndGlobalSection
	GlobalSection(ExtensibilityGlobals) = postSolution
		SolutionGuid = {0AA5B41E-78B0-45D4-BEC6-92670B12D6E3}
	EndGlobalSection
EndGlobal
